<?xml version="1.0" encoding="utf-8"?>
<Project ToolsVersion="4.0" xmlns="http://schemas.microsoft.com/developer/msbuild/2003">
  <ItemGroup>
    <ClCompile Include="pclient.cpp" />
  </ItemGroup>
  <ItemGroup>
    <Filter Include="Auth">
      <UniqueIdentifier>{f3a5e199-8393-4b0b-b176-96ac58a2f05f}</UniqueIdentifier>
    </Filter>
  </ItemGroup>
  <ItemGroup>
    <ClInclude Include="auth.hpp">
      <Filter>Auth</Filter>
    </ClInclude>
    <ClInclude Include="skStr.h">
      <Filter>Auth</Filter>
    </ClInclude>
  </ItemGroup>
  <ItemGroup>
    <Library Include="libcurl.lib" />
    <Library Include="library_x64.lib" />
  </ItemGroup>
</Project>